
Microsoft Visual Studio Solution File, Format Version 12.00
# Visual Studio Version 17
VisualStudioVersion = 17.1.32421.90
MinimumVisualStudioVersion = 10.0.40219.1
Project("{888888A0-9F3D-457C-B088-3A5042F75D52}") = "OnlineJudgeSystem", "OnlineJudgeSystem\OnlineJudgeSystem.pyproj", "{84B31A47-6888-4ED5-B94B-559E32C5AF9D}"
EndProject
Global
	GlobalSection(SolutionConfigurationPlatforms) = preSolution
		Debug|Any CPU = Debug|Any CPU
		Release|Any CPU = Release|Any CPU
	EndGlobalSection
	GlobalSection(ProjectConfigurationPlatforms) = postSolution
		{84B31A47-6888-4ED5-B94B-559E32C5AF9D}.Debug|Any CPU.ActiveCfg = Debug|Any CPU
		{84B31A47-6888-4ED5-B94B-559E32C5AF9D}.Debug|Any CPU.Build.0 = Debug|Any CPU
		{84B31A47-6888-4ED5-B94B-559E32C5AF9D}.Release|Any CPU.ActiveCfg = Release|Any CPU
		{84B31A47-6888-4ED5-B94B-559E32C5AF9D}.Release|Any CPU.Build.0 = Release|Any CPU
	EndGlobalSection
	GlobalSection(SolutionProperties) = preSolution
		HideSolutionNode = FALSE
	EndGlobalSection
	GlobalSection(ExtensibilityGlobals) = postSolution
		SolutionGuid = {8B3F5B50-C2E4-41C4-BE5C-BE2913DBD036}
	EndGlobalSection
EndGlobal
